
Microsoft Visual Studio Solution File, Format Version 12.00
# Visual Studio Version 17
VisualStudioVersion = 17.14.36408.4 d17.14
MinimumVisualStudioVersion = 10.0.40219.1
Project("{FAE04EC0-301F-11D3-BF4B-00C04F79EFBC}") = "ABCRetailFunctions", "ABCRetailFunctions.csproj", "{D83DC9A3-90AE-AB54-A768-A02A0082FC8D}"
EndProject
Global
	GlobalSection(SolutionConfigurationPlatforms) = preSolution
		Debug|Any CPU = Debug|Any CPU
		Release|Any CPU = Release|Any CPU
	EndGlobalSection
	GlobalSection(ProjectConfigurationPlatforms) = postSolution
		{D83DC9A3-90AE-AB54-A768-A02A0082FC8D}.Debug|Any CPU.ActiveCfg = Debug|Any CPU
		{D83DC9A3-90AE-AB54-A768-A02A0082FC8D}.Debug|Any CPU.Build.0 = Debug|Any CPU
		{D83DC9A3-90AE-AB54-A768-A02A0082FC8D}.Release|Any CPU.ActiveCfg = Release|Any CPU
		{D83DC9A3-90AE-AB54-A768-A02A0082FC8D}.Release|Any CPU.Build.0 = Release|Any CPU
	EndGlobalSection
	GlobalSection(SolutionProperties) = preSolution
		HideSolutionNode = FALSE
	EndGlobalSection
	GlobalSection(ExtensibilityGlobals) = postSolution
		SolutionGuid = {B56E705C-D2FE-46A4-8000-8464963BAF66}
	EndGlobalSection
EndGlobal
